
Microsoft Visual Studio Solution File, Format Version 12.00
# Visual Studio Version 17
VisualStudioVersion = 17.4.33213.308
MinimumVisualStudioVersion = 10.0.40219.1
Project("{FAE04EC0-301F-11D3-BF4B-00C04F79EFBC}") = "LoadingTypes.DataAnnotations", "LoadingTypes.DataAnnotations\LoadingTypes.DataAnnotations.csproj", "{9B78179C-310B-4366-B0CD-CA3DA534C840}"
EndProject
Global
	GlobalSection(SolutionConfigurationPlatforms) = preSolution
		Debug|Any CPU = Debug|Any CPU
		Release|Any CPU = Release|Any CPU
	EndGlobalSection
	GlobalSection(ProjectConfigurationPlatforms) = postSolution
		{9B78179C-310B-4366-B0CD-CA3DA534C840}.Debug|Any CPU.ActiveCfg = Debug|Any CPU
		{9B78179C-310B-4366-B0CD-CA3DA534C840}.Debug|Any CPU.Build.0 = Debug|Any CPU
		{9B78179C-310B-4366-B0CD-CA3DA534C840}.Release|Any CPU.ActiveCfg = Release|Any CPU
		{9B78179C-310B-4366-B0CD-CA3DA534C840}.Release|Any CPU.Build.0 = Release|Any CPU
	EndGlobalSection
	GlobalSection(SolutionProperties) = preSolution
		HideSolutionNode = FALSE
	EndGlobalSection
	GlobalSection(ExtensibilityGlobals) = postSolution
		SolutionGuid = {E0957901-AFDF-410F-91E0-9BBED97031AB}
	EndGlobalSection
EndGlobal
